{
  "version": 4,
  "terraform_version": "0.12.20",
  "serial": 4,
  "lineage": "9ea11114-9206-63ef-d2ca-b6fb66c1d04b",
  "outputs": {
    "website_logs_s3_bucket": {
      "value": "docs-preview2.moja-lab.live-logs",
      "type": "string"
    }
  },
  "resources": [
    {
      "mode": "managed",
      "type": "aws_s3_bucket",
      "name": "website_logs",
      "provider": "provider.aws.custom",
      "instances": [
        {
          "schema_version": 0,
          "attributes": {
            "acceleration_status": "",
            "acl": "log-delivery-write",
            "arn": "arn:aws:s3:::docs-preview2.moja-lab.live-logs",
            "bucket": "docs-preview2.moja-lab.live-logs",
            "bucket_domain_name": "docs-preview2.moja-lab.live-logs.s3.amazonaws.com",
            "bucket_prefix": null,
            "bucket_regional_domain_name": "docs-preview2.moja-lab.live-logs.s3.amazonaws.com",
            "cors_rule": [],
            "force_destroy": true,
            "grant": [],
            "hosted_zone_id": "Z3AQBSTGFYJSTF",
            "id": "docs-preview2.moja-lab.live-logs",
            "lifecycle_rule": [],
            "logging": [],
            "object_lock_configuration": [],
            "policy": null,
            "region": "us-east-1",
            "replication_configuration": [],
            "request_payer": "BucketOwner",
            "server_side_encryption_configuration": [],
            "tags": {
              "Changed": "2021-11-05 07:37 UTC",
              "ManagedBy": "terraform",
              "mojaloop/cost_center": "oss-qa",
              "mojaloop/owner": "lewis"
            },
            "versioning": [
              {
                "enabled": false,
                "mfa_delete": false
              }
            ],
            "website": [],
            "website_domain": null,
            "website_endpoint": null
          },
          "private": "bnVsbA=="
        }
      ]
    },
    {
      "mode": "managed",
      "type": "aws_s3_bucket",
      "name": "website_root",
      "provider": "provider.aws.custom",
      "instances": [
        {
          "schema_version": 0,
          "attributes": {
            "acceleration_status": "",
            "acl": "public-read",
            "arn": "arn:aws:s3:::docs-preview2.moja-lab.live-root",
            "bucket": "docs-preview2.moja-lab.live-root",
            "bucket_domain_name": "docs-preview2.moja-lab.live-root.s3.amazonaws.com",
            "bucket_prefix": null,
            "bucket_regional_domain_name": "docs-preview2.moja-lab.live-root.s3.amazonaws.com",
            "cors_rule": [],
            "force_destroy": true,
            "grant": [],
            "hosted_zone_id": "Z3AQBSTGFYJSTF",
            "id": "docs-preview2.moja-lab.live-root",
            "lifecycle_rule": [],
            "logging": [
              {
                "target_bucket": "docs-preview2.moja-lab.live-logs",
                "target_prefix": "docs-preview2.moja-lab.live/"
              }
            ],
            "object_lock_configuration": [],
            "policy": null,
            "region": "us-east-1",
            "replication_configuration": [],
            "request_payer": "BucketOwner",
            "server_side_encryption_configuration": [],
            "tags": {
              "Changed": "2021-11-05 07:37 UTC",
              "ManagedBy": "mojaloop/documentation",
              "mojaloop/cost_center": "oss-qa",
              "mojaloop/owner": "lewis"
            },
            "versioning": [
              {
                "enabled": false,
                "mfa_delete": false
              }
            ],
            "website": [
              {
                "error_document": "404.html",
                "index_document": "index.html",
                "redirect_all_requests_to": "",
                "routing_rules": ""
              }
            ],
            "website_domain": "s3-website-us-east-1.amazonaws.com",
            "website_endpoint": "docs-preview2.moja-lab.live-root.s3-website-us-east-1.amazonaws.com"
          },
          "private": "bnVsbA==",
          "dependencies": [
            "aws_s3_bucket.website_logs"
          ]
        }
      ]
    },
    {
      "mode": "managed",
      "type": "aws_s3_bucket_policy",
      "name": "update_website_root_bucket_policy",
      "provider": "provider.aws.custom",
      "instances": [
        {
          "schema_version": 0,
          "attributes": {
            "bucket": "docs-preview2.moja-lab.live-root",
            "id": "docs-preview2.moja-lab.live-root",
            "policy": "{\n  \"Version\": \"2012-10-17\",\n  \"Id\": \"PolicyForWebsiteEndpointsPublicContent\",\n  \"Statement\": [\n    {\n      \"Sid\": \"PublicRead\",\n      \"Effect\": \"Allow\",\n      \"Principal\": \"*\",\n      \"Action\": [\n        \"s3:GetObject\"\n      ],\n      \"Resource\": [\n        \"arn:aws:s3:::docs-preview2.moja-lab.live-root/*\",\n        \"arn:aws:s3:::docs-preview2.moja-lab.live-root\"\n      ]\n    }\n  ]\n}\n"
          },
          "private": "bnVsbA==",
          "dependencies": [
            "aws_s3_bucket.website_logs",
            "aws_s3_bucket.website_root"
          ]
        }
      ]
    }
  ]
}
